
Microsoft Visual Studio Solution File, Format Version 12.00
Project("{FAE04EC0-301F-11D3-BF4B-00C04F79EFBC}") = "PJATK-APBD-Cw5-s32553", "PJATK-APBD-Cw5-s32553\PJATK-APBD-Cw5-s32553.csproj", "{94FD9868-7428-445F-A208-D316F8D4F53D}"
EndProject
Global
	GlobalSection(SolutionConfigurationPlatforms) = preSolution
		Debug|Any CPU = Debug|Any CPU
		Release|Any CPU = Release|Any CPU
	EndGlobalSection
	GlobalSection(ProjectConfigurationPlatforms) = postSolution
		{94FD9868-7428-445F-A208-D316F8D4F53D}.Debug|Any CPU.ActiveCfg = Debug|Any CPU
		{94FD9868-7428-445F-A208-D316F8D4F53D}.Debug|Any CPU.Build.0 = Debug|Any CPU
		{94FD9868-7428-445F-A208-D316F8D4F53D}.Release|Any CPU.ActiveCfg = Release|Any CPU
		{94FD9868-7428-445F-A208-D316F8D4F53D}.Release|Any CPU.Build.0 = Release|Any CPU
	EndGlobalSection
EndGlobal
